
Microsoft Visual Studio Solution File, Format Version 12.00
# Visual Studio Version 17
VisualStudioVersion = 17.3.32901.215
MinimumVisualStudioVersion = 10.0.40219.1
Project("{9A19103F-16F7-4668-BE54-9A1E7A4F7556}") = "GencayArttirmaOperatorleri", "GencayArttirmaOperatorleri\GencayArttirmaOperatorleri.csproj", "{675ECC51-9372-48B0-B62F-3AAD7435DC68}"
EndProject
Project("{9A19103F-16F7-4668-BE54-9A1E7A4F7556}") = "TernaryOperatoru", "TernaryOperatoru\TernaryOperatoru.csproj", "{19F0AACB-44D0-4C98-A127-065E714F5A2E}"
EndProject
Project("{9A19103F-16F7-4668-BE54-9A1E7A4F7556}") = "CastOperatoru", "CastOperatoru\CastOperatoru.csproj", "{24C223C7-D9A1-487E-AD24-4BDE6E04E32E}"
EndProject
Project("{9A19103F-16F7-4668-BE54-9A1E7A4F7556}") = "AkisKontrolMekanizmalari", "AkisKontrolMekanizmalari\AkisKontrolMekanizmalari.csproj", "{AF204061-A9A7-40B4-9201-251D9971E0E6}"
EndProject
Project("{9A19103F-16F7-4668-BE54-9A1E7A4F7556}") = "HataKontrolMekanizmalari", "HataKontrolMekanizmalari\HataKontrolMekanizmalari.csproj", "{371C6911-75AD-4F52-87FA-3BA2AA5E5519}"
EndProject
Project("{9A19103F-16F7-4668-BE54-9A1E7A4F7556}") = "Diziler", "Diziler\Diziler.csproj", "{05875C94-9132-42BC-8144-84093367F301}"
EndProject
Project("{FAE04EC0-301F-11D3-BF4B-00C04F79EFBC}") = "StringFonksiyonlari", "StringFonksiyonlari\StringFonksiyonlari.csproj", "{CDE8E0DD-85E8-46E7-98B2-3A95841A442A}"
EndProject
Global
	GlobalSection(SolutionConfigurationPlatforms) = preSolution
		Debug|Any CPU = Debug|Any CPU
		Release|Any CPU = Release|Any CPU
	EndGlobalSection
	GlobalSection(ProjectConfigurationPlatforms) = postSolution
		{675ECC51-9372-48B0-B62F-3AAD7435DC68}.Debug|Any CPU.ActiveCfg = Debug|Any CPU
		{675ECC51-9372-48B0-B62F-3AAD7435DC68}.Debug|Any CPU.Build.0 = Debug|Any CPU
		{675ECC51-9372-48B0-B62F-3AAD7435DC68}.Release|Any CPU.ActiveCfg = Release|Any CPU
		{675ECC51-9372-48B0-B62F-3AAD7435DC68}.Release|Any CPU.Build.0 = Release|Any CPU
		{19F0AACB-44D0-4C98-A127-065E714F5A2E}.Debug|Any CPU.ActiveCfg = Debug|Any CPU
		{19F0AACB-44D0-4C98-A127-065E714F5A2E}.Debug|Any CPU.Build.0 = Debug|Any CPU
		{19F0AACB-44D0-4C98-A127-065E714F5A2E}.Release|Any CPU.ActiveCfg = Release|Any CPU
		{19F0AACB-44D0-4C98-A127-065E714F5A2E}.Release|Any CPU.Build.0 = Release|Any CPU
		{24C223C7-D9A1-487E-AD24-4BDE6E04E32E}.Debug|Any CPU.ActiveCfg = Debug|Any CPU
		{24C223C7-D9A1-487E-AD24-4BDE6E04E32E}.Debug|Any CPU.Build.0 = Debug|Any CPU
		{24C223C7-D9A1-487E-AD24-4BDE6E04E32E}.Release|Any CPU.ActiveCfg = Release|Any CPU
		{24C223C7-D9A1-487E-AD24-4BDE6E04E32E}.Release|Any CPU.Build.0 = Release|Any CPU
		{AF204061-A9A7-40B4-9201-251D9971E0E6}.Debug|Any CPU.ActiveCfg = Debug|Any CPU
		{AF204061-A9A7-40B4-9201-251D9971E0E6}.Debug|Any CPU.Build.0 = Debug|Any CPU
		{AF204061-A9A7-40B4-9201-251D9971E0E6}.Release|Any CPU.ActiveCfg = Release|Any CPU
		{AF204061-A9A7-40B4-9201-251D9971E0E6}.Release|Any CPU.Build.0 = Release|Any CPU
		{371C6911-75AD-4F52-87FA-3BA2AA5E5519}.Debug|Any CPU.ActiveCfg = Debug|Any CPU
		{371C6911-75AD-4F52-87FA-3BA2AA5E5519}.Debug|Any CPU.Build.0 = Debug|Any CPU
		{371C6911-75AD-4F52-87FA-3BA2AA5E5519}.Release|Any CPU.ActiveCfg = Release|Any CPU
		{371C6911-75AD-4F52-87FA-3BA2AA5E5519}.Release|Any CPU.Build.0 = Release|Any CPU
		{05875C94-9132-42BC-8144-84093367F301}.Debug|Any CPU.ActiveCfg = Debug|Any CPU
		{05875C94-9132-42BC-8144-84093367F301}.Debug|Any CPU.Build.0 = Debug|Any CPU
		{05875C94-9132-42BC-8144-84093367F301}.Release|Any CPU.ActiveCfg = Release|Any CPU
		{05875C94-9132-42BC-8144-84093367F301}.Release|Any CPU.Build.0 = Release|Any CPU
		{CDE8E0DD-85E8-46E7-98B2-3A95841A442A}.Debug|Any CPU.ActiveCfg = Debug|Any CPU
		{CDE8E0DD-85E8-46E7-98B2-3A95841A442A}.Debug|Any CPU.Build.0 = Debug|Any CPU
		{CDE8E0DD-85E8-46E7-98B2-3A95841A442A}.Release|Any CPU.ActiveCfg = Release|Any CPU
		{CDE8E0DD-85E8-46E7-98B2-3A95841A442A}.Release|Any CPU.Build.0 = Release|Any CPU
	EndGlobalSection
	GlobalSection(SolutionProperties) = preSolution
		HideSolutionNode = FALSE
	EndGlobalSection
	GlobalSection(ExtensibilityGlobals) = postSolution
		SolutionGuid = {AB5AEA31-C376-4ADD-AC26-89DD0B44E4CC}
	EndGlobalSection
EndGlobal
